// !$*UTF8*$!
{
	archiveVersion = 1;
	classes = {
	};
	objectVersion = 50;
	objects = {

/* Begin PBXBuildFile section */
		042A372D2488B58F000F735F /* LicensePlate-j9eO.ttf in Resources */ = {isa = PBXBuildFile; fileRef = 042A372C2488B58F000F735F /* LicensePlate-j9eO.ttf */; };
		042A372E2488B58F000F735F /* LicensePlate-j9eO.ttf in Resources */ = {isa = PBXBuildFile; fileRef = 042A372C2488B58F000F735F /* LicensePlate-j9eO.ttf */; };
		044141AC24885AFB005C44C6 /* Assets.xcassets in Resources */ = {isa = PBXBuildFile; fileRef = 044141AB24885AFB005C44C6 /* Assets.xcassets */; };
		044141B324885AFB005C44C6 /* Boardwalk! Games MessagesExtension.appex in Embed App Extensions */ = {isa = PBXBuildFile; fileRef = 044141B224885AFB005C44C6 /* Boardwalk! Games MessagesExtension.appex */; settings = {ATTRIBUTES = (RemoveHeadersOnCopy, ); }; };
		044141B824885AFB005C44C6 /* Messages.framework in Frameworks */ = {isa = PBXBuildFile; fileRef = 044141B724885AFB005C44C6 /* Messages.framework */; };
		044141BB24885AFB005C44C6 /* MessagesViewController.swift in Sources */ = {isa = PBXBuildFile; fileRef = 044141BA24885AFB005C44C6 /* MessagesViewController.swift */; };
		044141BE24885AFB005C44C6 /* MainInterface.storyboard in Resources */ = {isa = PBXBuildFile; fileRef = 044141BC24885AFB005C44C6 /* MainInterface.storyboard */; };
		044141C024885AFC005C44C6 /* Assets.xcassets in Resources */ = {isa = PBXBuildFile; fileRef = 044141BF24885AFC005C44C6 /* Assets.xcassets */; };
		044141CC24885D0E005C44C6 /* GameCell.swift in Sources */ = {isa = PBXBuildFile; fileRef = 044141CB24885D0E005C44C6 /* GameCell.swift */; };
		044819CA248D5AE6000B722A /* SkeeballClass.swift in Sources */ = {isa = PBXBuildFile; fileRef = 044819C9248D5AE6000B722A /* SkeeballClass.swift */; };
		044819CF248D5E7E000B722A /* DrunkCornholeClass.swift in Sources */ = {isa = PBXBuildFile; fileRef = 044819CE248D5E7E000B722A /* DrunkCornholeClass.swift */; };
		044819D1248DBD46000B722A /* ImageEnum.swift in Sources */ = {isa = PBXBuildFile; fileRef = 044819D0248DBD46000B722A /* ImageEnum.swift */; };
		04BA56BD2489565B00C50682 /* CornholeClass.swift in Sources */ = {isa = PBXBuildFile; fileRef = 04BA56BC2489565B00C50682 /* CornholeClass.swift */; };
		04BA56C42489C37700C50682 /* GameMessage.swift in Sources */ = {isa = PBXBuildFile; fileRef = 04BA56C32489C37700C50682 /* GameMessage.swift */; };
		04DED61324885E46009C47DA /* Game.swift in Sources */ = {isa = PBXBuildFile; fileRef = 04DED61224885E46009C47DA /* Game.swift */; };
		04E82690248F2DBC009D17D8 /* UUID.swift in Sources */ = {isa = PBXBuildFile; fileRef = 04E8268F248F2DBC009D17D8 /* UUID.swift */; };
		04E8269224930C5C009D17D8 /* SpriteKit.framework in Frameworks */ = {isa = PBXBuildFile; fileRef = 04E8269124930C5C009D17D8 /* SpriteKit.framework */; };
		04E8269424931022009D17D8 /* SkeeballViewController.swift in Sources */ = {isa = PBXBuildFile; fileRef = 04E8269324931022009D17D8 /* SkeeballViewController.swift */; };
		04E8269624931038009D17D8 /* CornholeViewController.swift in Sources */ = {isa = PBXBuildFile; fileRef = 04E8269524931038009D17D8 /* CornholeViewController.swift */; };
		04E8269824931044009D17D8 /* DrunkCornholeViewController.swift in Sources */ = {isa = PBXBuildFile; fileRef = 04E8269724931044009D17D8 /* DrunkCornholeViewController.swift */; };
		04E8269A249311CA009D17D8 /* SkeeballScene.sks in Resources */ = {isa = PBXBuildFile; fileRef = 04E82699249311CA009D17D8 /* SkeeballScene.sks */; };
		04E8269C249311E7009D17D8 /* CornholeScene.sks in Resources */ = {isa = PBXBuildFile; fileRef = 04E8269B249311E7009D17D8 /* CornholeScene.sks */; };
		04E8269E249311F3009D17D8 /* DrunkCornhole.sks in Resources */ = {isa = PBXBuildFile; fileRef = 04E8269D249311F3009D17D8 /* DrunkCornhole.sks */; };
		04EB49A9248B169200691B37 /* ReadMessage.swift in Sources */ = {isa = PBXBuildFile; fileRef = 04EB49A8248B169200691B37 /* ReadMessage.swift */; };
/* End PBXBuildFile section */

/* Begin PBXContainerItemProxy section */
		044141B424885AFB005C44C6 /* PBXContainerItemProxy */ = {
			isa = PBXContainerItemProxy;
			containerPortal = 044141A224885AFA005C44C6 /* Project object */;
			proxyType = 1;
			remoteGlobalIDString = 044141B124885AFB005C44C6;
			remoteInfo = "Boardwalk! Games MessagesExtension";
		};
/* End PBXContainerItemProxy section */

/* Begin PBXCopyFilesBuildPhase section */
		044141C724885AFC005C44C6 /* Embed App Extensions */ = {
			isa = PBXCopyFilesBuildPhase;
			buildActionMask = 2147483647;
			dstPath = "";
			dstSubfolderSpec = 13;
			files = (
				044141B324885AFB005C44C6 /* Boardwalk! Games MessagesExtension.appex in Embed App Extensions */,
			);
			name = "Embed App Extensions";
			runOnlyForDeploymentPostprocessing = 0;
		};
/* End PBXCopyFilesBuildPhase section */

/* Begin PBXFileReference section */
		042A372C2488B58F000F735F /* LicensePlate-j9eO.ttf */ = {isa = PBXFileReference; lastKnownFileType = file; name = "LicensePlate-j9eO.ttf"; path = "../../../../Downloads/LicensePlate-j9eO.ttf"; sourceTree = "<group>"; };
		044141A824885AFA005C44C6 /* Boardwalk! Games.app */ = {isa = PBXFileReference; explicitFileType = wrapper.application; includeInIndex = 0; path = "Boardwalk! Games.app"; sourceTree = BUILT_PRODUCTS_DIR; };
		044141AB24885AFB005C44C6 /* Assets.xcassets */ = {isa = PBXFileReference; lastKnownFileType = folder.assetcatalog; path = Assets.xcassets; sourceTree = "<group>"; };
		044141AD24885AFB005C44C6 /* Info.plist */ = {isa = PBXFileReference; lastKnownFileType = text.plist.xml; path = Info.plist; sourceTree = "<group>"; };
		044141B224885AFB005C44C6 /* Boardwalk! Games MessagesExtension.appex */ = {isa = PBXFileReference; explicitFileType = "wrapper.app-extension"; includeInIndex = 0; path = "Boardwalk! Games MessagesExtension.appex"; sourceTree = BUILT_PRODUCTS_DIR; };
		044141B724885AFB005C44C6 /* Messages.framework */ = {isa = PBXFileReference; lastKnownFileType = wrapper.framework; name = Messages.framework; path = System/Library/Frameworks/Messages.framework; sourceTree = SDKROOT; };
		044141BA24885AFB005C44C6 /* MessagesViewController.swift */ = {isa = PBXFileReference; lastKnownFileType = sourcecode.swift; path = MessagesViewController.swift; sourceTree = "<group>"; };
		044141BD24885AFB005C44C6 /* Base */ = {isa = PBXFileReference; lastKnownFileType = file.storyboard; name = Base; path = Base.lproj/MainInterface.storyboard; sourceTree = "<group>"; };
		044141BF24885AFC005C44C6 /* Assets.xcassets */ = {isa = PBXFileReference; lastKnownFileType = folder.assetcatalog; path = Assets.xcassets; sourceTree = "<group>"; };
		044141C124885AFC005C44C6 /* Info.plist */ = {isa = PBXFileReference; lastKnownFileType = text.plist.xml; path = Info.plist; sourceTree = "<group>"; };
		044141CB24885D0E005C44C6 /* GameCell.swift */ = {isa = PBXFileReference; lastKnownFileType = sourcecode.swift; path = GameCell.swift; sourceTree = "<group>"; };
		044819C9248D5AE6000B722A /* SkeeballClass.swift */ = {isa = PBXFileReference; lastKnownFileType = sourcecode.swift; path = SkeeballClass.swift; sourceTree = "<group>"; };
		044819CE248D5E7E000B722A /* DrunkCornholeClass.swift */ = {isa = PBXFileReference; lastKnownFileType = sourcecode.swift; path = DrunkCornholeClass.swift; sourceTree = "<group>"; };
		044819D0248DBD46000B722A /* ImageEnum.swift */ = {isa = PBXFileReference; lastKnownFileType = sourcecode.swift; path = ImageEnum.swift; sourceTree = "<group>"; };
		04BA56BC2489565B00C50682 /* CornholeClass.swift */ = {isa = PBXFileReference; lastKnownFileType = sourcecode.swift; path = CornholeClass.swift; sourceTree = "<group>"; };
		04BA56C32489C37700C50682 /* GameMessage.swift */ = {isa = PBXFileReference; lastKnownFileType = sourcecode.swift; path = GameMessage.swift; sourceTree = "<group>"; };
		04DED61224885E46009C47DA /* Game.swift */ = {isa = PBXFileReference; lastKnownFileType = sourcecode.swift; path = Game.swift; sourceTree = "<group>"; };
		04E8268F248F2DBC009D17D8 /* UUID.swift */ = {isa = PBXFileReference; lastKnownFileType = sourcecode.swift; path = UUID.swift; sourceTree = "<group>"; };
		04E8269124930C5C009D17D8 /* SpriteKit.framework */ = {isa = PBXFileReference; lastKnownFileType = wrapper.framework; name = SpriteKit.framework; path = System/Library/Frameworks/SpriteKit.framework; sourceTree = SDKROOT; };
		04E8269324931022009D17D8 /* SkeeballViewController.swift */ = {isa = PBXFileReference; lastKnownFileType = sourcecode.swift; path = SkeeballViewController.swift; sourceTree = "<group>"; };
		04E8269524931038009D17D8 /* CornholeViewController.swift */ = {isa = PBXFileReference; lastKnownFileType = sourcecode.swift; path = CornholeViewController.swift; sourceTree = "<group>"; };
		04E8269724931044009D17D8 /* DrunkCornholeViewController.swift */ = {isa = PBXFileReference; lastKnownFileType = sourcecode.swift; path = DrunkCornholeViewController.swift; sourceTree = "<group>"; };
		04E82699249311CA009D17D8 /* SkeeballScene.sks */ = {isa = PBXFileReference; lastKnownFileType = file.sks; path = SkeeballScene.sks; sourceTree = "<group>"; };
		04E8269B249311E7009D17D8 /* CornholeScene.sks */ = {isa = PBXFileReference; lastKnownFileType = file.sks; path = CornholeScene.sks; sourceTree = "<group>"; };
		04E8269D249311F3009D17D8 /* DrunkCornhole.sks */ = {isa = PBXFileReference; lastKnownFileType = file.sks; path = DrunkCornhole.sks; sourceTree = "<group>"; };
		04EB49A8248B169200691B37 /* ReadMessage.swift */ = {isa = PBXFileReference; lastKnownFileType = sourcecode.swift; path = ReadMessage.swift; sourceTree = "<group>"; };
/* End PBXFileReference section */

/* Begin PBXFrameworksBuildPhase section */
		044141AF24885AFB005C44C6 /* Frameworks */ = {
			isa = PBXFrameworksBuildPhase;
			buildActionMask = 2147483647;
			files = (
				04E8269224930C5C009D17D8 /* SpriteKit.framework in Frameworks */,
				044141B824885AFB005C44C6 /* Messages.framework in Frameworks */,
			);
			runOnlyForDeploymentPostprocessing = 0;
		};
/* End PBXFrameworksBuildPhase section */

/* Begin PBXGroup section */
		044141A124885AFA005C44C6 = {
			isa = PBXGroup;
			children = (
				044141AA24885AFA005C44C6 /* Boardwalk! Games */,
				044141B924885AFB005C44C6 /* Boardwalk! Games MessagesExtension */,
				044141B624885AFB005C44C6 /* Frameworks */,
				044141A924885AFA005C44C6 /* Products */,
			);
			sourceTree = "<group>";
		};
		044141A924885AFA005C44C6 /* Products */ = {
			isa = PBXGroup;
			children = (
				044141A824885AFA005C44C6 /* Boardwalk! Games.app */,
				044141B224885AFB005C44C6 /* Boardwalk! Games MessagesExtension.appex */,
			);
			name = Products;
			sourceTree = "<group>";
		};
		044141AA24885AFA005C44C6 /* Boardwalk! Games */ = {
			isa = PBXGroup;
			children = (
				044141AB24885AFB005C44C6 /* Assets.xcassets */,
				044141AD24885AFB005C44C6 /* Info.plist */,
			);
			path = "Boardwalk! Games";
			sourceTree = "<group>";
		};
		044141B624885AFB005C44C6 /* Frameworks */ = {
			isa = PBXGroup;
			children = (
				04E8269124930C5C009D17D8 /* SpriteKit.framework */,
				044141B724885AFB005C44C6 /* Messages.framework */,
			);
			name = Frameworks;
			sourceTree = "<group>";
		};
		044141B924885AFB005C44C6 /* Boardwalk! Games MessagesExtension */ = {
			isa = PBXGroup;
			children = (
				045AA23A2488B3BF00FC1064 /* Assets */,
				045AA2342488A85F00FC1064 /* Game Selector */,
				044819C7248C1D0D000B722A /* Game Files */,
				04BA56C22489C35B00C50682 /* Messages */,
				044141BA24885AFB005C44C6 /* MessagesViewController.swift */,
				044141BC24885AFB005C44C6 /* MainInterface.storyboard */,
				042A372C2488B58F000F735F /* LicensePlate-j9eO.ttf */,
				044141C124885AFC005C44C6 /* Info.plist */,
			);
			path = "Boardwalk! Games MessagesExtension";
			sourceTree = "<group>";
		};
		044819C7248C1D0D000B722A /* Game Files */ = {
			isa = PBXGroup;
			children = (
				044819C8248D5AB9000B722A /* Skeeball */,
				045AA2392488B39D00FC1064 /* Cornhole */,
				044819CD248D5E4E000B722A /* Drunk Cornhole */,
			);
			path = "Game Files";
			sourceTree = "<group>";
		};
		044819C8248D5AB9000B722A /* Skeeball */ = {
			isa = PBXGroup;
			children = (
				044819C9248D5AE6000B722A /* SkeeballClass.swift */,
				04E8269324931022009D17D8 /* SkeeballViewController.swift */,
				04E82699249311CA009D17D8 /* SkeeballScene.sks */,
			);
			path = Skeeball;
			sourceTree = "<group>";
		};
		044819CD248D5E4E000B722A /* Drunk Cornhole */ = {
			isa = PBXGroup;
			children = (
				044819CE248D5E7E000B722A /* DrunkCornholeClass.swift */,
				04E8269724931044009D17D8 /* DrunkCornholeViewController.swift */,
				04E8269D249311F3009D17D8 /* DrunkCornhole.sks */,
			);
			path = "Drunk Cornhole";
			sourceTree = "<group>";
		};
		045AA2342488A85F00FC1064 /* Game Selector */ = {
			isa = PBXGroup;
			children = (
				04DED61224885E46009C47DA /* Game.swift */,
				044141CB24885D0E005C44C6 /* GameCell.swift */,
			);
			path = "Game Selector";
			sourceTree = "<group>";
		};
		045AA2392488B39D00FC1064 /* Cornhole */ = {
			isa = PBXGroup;
			children = (
				04BA56BC2489565B00C50682 /* CornholeClass.swift */,
				04E8269524931038009D17D8 /* CornholeViewController.swift */,
				04E8269B249311E7009D17D8 /* CornholeScene.sks */,
			);
			path = Cornhole;
			sourceTree = "<group>";
		};
		045AA23A2488B3BF00FC1064 /* Assets */ = {
			isa = PBXGroup;
			children = (
				044141BF24885AFC005C44C6 /* Assets.xcassets */,
				044819D0248DBD46000B722A /* ImageEnum.swift */,
			);
			path = Assets;
			sourceTree = "<group>";
		};
		04BA56C22489C35B00C50682 /* Messages */ = {
			isa = PBXGroup;
			children = (
				04BA56C32489C37700C50682 /* GameMessage.swift */,
				04EB49A8248B169200691B37 /* ReadMessage.swift */,
				04E8268F248F2DBC009D17D8 /* UUID.swift */,
			);
			path = Messages;
			sourceTree = "<group>";
		};
/* End PBXGroup section */

/* Begin PBXNativeTarget section */
		044141A724885AFA005C44C6 /* Boardwalk! Games */ = {
			isa = PBXNativeTarget;
			buildConfigurationList = 044141C824885AFC005C44C6 /* Build configuration list for PBXNativeTarget "Boardwalk! Games" */;
			buildPhases = (
				044141A624885AFA005C44C6 /* Resources */,
				044141C724885AFC005C44C6 /* Embed App Extensions */,
			);
			buildRules = (
			);
			dependencies = (
				044141B524885AFB005C44C6 /* PBXTargetDependency */,
			);
			name = "Boardwalk! Games";
			productName = "Boardwalk! Games";
			productReference = 044141A824885AFA005C44C6 /* Boardwalk! Games.app */;
			productType = "com.apple.product-type.application.messages";
		};
		044141B124885AFB005C44C6 /* Boardwalk! Games MessagesExtension */ = {
			isa = PBXNativeTarget;
			buildConfigurationList = 044141C424885AFC005C44C6 /* Build configuration list for PBXNativeTarget "Boardwalk! Games MessagesExtension" */;
			buildPhases = (
				044141AE24885AFB005C44C6 /* Sources */,
				044141AF24885AFB005C44C6 /* Frameworks */,
				044141B024885AFB005C44C6 /* Resources */,
			);
			buildRules = (
			);
			dependencies = (
			);
			name = "Boardwalk! Games MessagesExtension";
			productName = "Boardwalk! Games MessagesExtension";
			productReference = 044141B224885AFB005C44C6 /* Boardwalk! Games MessagesExtension.appex */;
			productType = "com.apple.product-type.app-extension.messages";
		};
/* End PBXNativeTarget section */

/* Begin PBXProject section */
		044141A224885AFA005C44C6 /* Project object */ = {
			isa = PBXProject;
			attributes = {
				LastSwiftUpdateCheck = 1150;
				LastUpgradeCheck = 1150;
				ORGANIZATIONNAME = "AKT Games";
				TargetAttributes = {
					044141A724885AFA005C44C6 = {
						CreatedOnToolsVersion = 11.5;
					};
					044141B124885AFB005C44C6 = {
						CreatedOnToolsVersion = 11.5;
					};
				};
			};
			buildConfigurationList = 044141A524885AFA005C44C6 /* Build configuration list for PBXProject "Boardwalk! Games" */;
			compatibilityVersion = "Xcode 9.3";
			developmentRegion = en;
			hasScannedForEncodings = 0;
			knownRegions = (
				en,
				Base,
			);
			mainGroup = 044141A124885AFA005C44C6;
			productRefGroup = 044141A924885AFA005C44C6 /* Products */;
			projectDirPath = "";
			projectRoot = "";
			targets = (
				044141A724885AFA005C44C6 /* Boardwalk! Games */,
				044141B124885AFB005C44C6 /* Boardwalk! Games MessagesExtension */,
			);
		};
/* End PBXProject section */

/* Begin PBXResourcesBuildPhase section */
		044141A624885AFA005C44C6 /* Resources */ = {
			isa = PBXResourcesBuildPhase;
			buildActionMask = 2147483647;
			files = (
				042A372D2488B58F000F735F /* LicensePlate-j9eO.ttf in Resources */,
				044141AC24885AFB005C44C6 /* Assets.xcassets in Resources */,
			);
			runOnlyForDeploymentPostprocessing = 0;
		};
		044141B024885AFB005C44C6 /* Resources */ = {
			isa = PBXResourcesBuildPhase;
			buildActionMask = 2147483647;
			files = (
				044141C024885AFC005C44C6 /* Assets.xcassets in Resources */,
				04E8269A249311CA009D17D8 /* SkeeballScene.sks in Resources */,
				04E8269E249311F3009D17D8 /* DrunkCornhole.sks in Resources */,
				04E8269C249311E7009D17D8 /* CornholeScene.sks in Resources */,
				044141BE24885AFB005C44C6 /* MainInterface.storyboard in Resources */,
				042A372E2488B58F000F735F /* LicensePlate-j9eO.ttf in Resources */,
			);
			runOnlyForDeploymentPostprocessing = 0;
		};
/* End PBXResourcesBuildPhase section */

/* Begin PBXSourcesBuildPhase section */
		044141AE24885AFB005C44C6 /* Sources */ = {
			isa = PBXSourcesBuildPhase;
			buildActionMask = 2147483647;
			files = (
				044819D1248DBD46000B722A /* ImageEnum.swift in Sources */,
				04BA56C42489C37700C50682 /* GameMessage.swift in Sources */,
				044141BB24885AFB005C44C6 /* MessagesViewController.swift in Sources */,
				04E8269824931044009D17D8 /* DrunkCornholeViewController.swift in Sources */,
				044819CF248D5E7E000B722A /* DrunkCornholeClass.swift in Sources */,
				04EB49A9248B169200691B37 /* ReadMessage.swift in Sources */,
				04E8269424931022009D17D8 /* SkeeballViewController.swift in Sources */,
				044819CA248D5AE6000B722A /* SkeeballClass.swift in Sources */,
				04E82690248F2DBC009D17D8 /* UUID.swift in Sources */,
				04E8269624931038009D17D8 /* CornholeViewController.swift in Sources */,
				04DED61324885E46009C47DA /* Game.swift in Sources */,
				04BA56BD2489565B00C50682 /* CornholeClass.swift in Sources */,
				044141CC24885D0E005C44C6 /* GameCell.swift in Sources */,
			);
			runOnlyForDeploymentPostprocessing = 0;
		};
/* End PBXSourcesBuildPhase section */

/* Begin PBXTargetDependency section */
		044141B524885AFB005C44C6 /* PBXTargetDependency */ = {
			isa = PBXTargetDependency;
			target = 044141B124885AFB005C44C6 /* Boardwalk! Games MessagesExtension */;
			targetProxy = 044141B424885AFB005C44C6 /* PBXContainerItemProxy */;
		};
/* End PBXTargetDependency section */

/* Begin PBXVariantGroup section */
		044141BC24885AFB005C44C6 /* MainInterface.storyboard */ = {
			isa = PBXVariantGroup;
			children = (
				044141BD24885AFB005C44C6 /* Base */,
			);
			name = MainInterface.storyboard;
			sourceTree = "<group>";
		};
/* End PBXVariantGroup section */

/* Begin XCBuildConfiguration section */
		044141C224885AFC005C44C6 /* Debug */ = {
			isa = XCBuildConfiguration;
			buildSettings = {
				ALWAYS_SEARCH_USER_PATHS = NO;
				CLANG_ANALYZER_NONNULL = YES;
				CLANG_ANALYZER_NUMBER_OBJECT_CONVERSION = YES_AGGRESSIVE;
				CLANG_CXX_LANGUAGE_STANDARD = "gnu++14";
				CLANG_CXX_LIBRARY = "libc++";
				CLANG_ENABLE_MODULES = YES;
				CLANG_ENABLE_OBJC_ARC = YES;
				CLANG_ENABLE_OBJC_WEAK = YES;
				CLANG_WARN_BLOCK_CAPTURE_AUTORELEASING = YES;
				CLANG_WARN_BOOL_CONVERSION = YES;
				CLANG_WARN_COMMA = YES;
				CLANG_WARN_CONSTANT_CONVERSION = YES;
				CLANG_WARN_DEPRECATED_OBJC_IMPLEMENTATIONS = YES;
				CLANG_WARN_DIRECT_OBJC_ISA_USAGE = YES_ERROR;
				CLANG_WARN_DOCUMENTATION_COMMENTS = YES;
				CLANG_WARN_EMPTY_BODY = YES;
				CLANG_WARN_ENUM_CONVERSION = YES;
				CLANG_WARN_INFINITE_RECURSION = YES;
				CLANG_WARN_INT_CONVERSION = YES;
				CLANG_WARN_NON_LITERAL_NULL_CONVERSION = YES;
				CLANG_WARN_OBJC_IMPLICIT_RETAIN_SELF = YES;
				CLANG_WARN_OBJC_LITERAL_CONVERSION = YES;
				CLANG_WARN_OBJC_ROOT_CLASS = YES_ERROR;
				CLANG_WARN_RANGE_LOOP_ANALYSIS = YES;
				CLANG_WARN_STRICT_PROTOTYPES = YES;
				CLANG_WARN_SUSPICIOUS_MOVE = YES;
				CLANG_WARN_UNGUARDED_AVAILABILITY = YES_AGGRESSIVE;
				CLANG_WARN_UNREACHABLE_CODE = YES;
				CLANG_WARN__DUPLICATE_METHOD_MATCH = YES;
				COPY_PHASE_STRIP = NO;
				DEBUG_INFORMATION_FORMAT = dwarf;
				ENABLE_STRICT_OBJC_MSGSEND = YES;
				ENABLE_TESTABILITY = YES;
				GCC_C_LANGUAGE_STANDARD = gnu11;
				GCC_DYNAMIC_NO_PIC = NO;
				GCC_NO_COMMON_BLOCKS = YES;
				GCC_OPTIMIZATION_LEVEL = 0;
				GCC_PREPROCESSOR_DEFINITIONS = (
					"DEBUG=1",
					"$(inherited)",
				);
				GCC_WARN_64_TO_32_BIT_CONVERSION = YES;
				GCC_WARN_ABOUT_RETURN_TYPE = YES_ERROR;
				GCC_WARN_UNDECLARED_SELECTOR = YES;
				GCC_WARN_UNINITIALIZED_AUTOS = YES_AGGRESSIVE;
				GCC_WARN_UNUSED_FUNCTION = YES;
				GCC_WARN_UNUSED_VARIABLE = YES;
				IPHONEOS_DEPLOYMENT_TARGET = 13.5;
				MTL_ENABLE_DEBUG_INFO = INCLUDE_SOURCE;
				MTL_FAST_MATH = YES;
				ONLY_ACTIVE_ARCH = YES;
				SDKROOT = iphoneos;
				SWIFT_ACTIVE_COMPILATION_CONDITIONS = DEBUG;
				SWIFT_OPTIMIZATION_LEVEL = "-Onone";
			};
			name = Debug;
		};
		044141C324885AFC005C44C6 /* Release */ = {
			isa = XCBuildConfiguration;
			buildSettings = {
				ALWAYS_SEARCH_USER_PATHS = NO;
				CLANG_ANALYZER_NONNULL = YES;
				CLANG_ANALYZER_NUMBER_OBJECT_CONVERSION = YES_AGGRESSIVE;
				CLANG_CXX_LANGUAGE_STANDARD = "gnu++14";
				CLANG_CXX_LIBRARY = "libc++";
				CLANG_ENABLE_MODULES = YES;
				CLANG_ENABLE_OBJC_ARC = YES;
				CLANG_ENABLE_OBJC_WEAK = YES;
				CLANG_WARN_BLOCK_CAPTURE_AUTORELEASING = YES;
				CLANG_WARN_BOOL_CONVERSION = YES;
				CLANG_WARN_COMMA = YES;
				CLANG_WARN_CONSTANT_CONVERSION = YES;
				CLANG_WARN_DEPRECATED_OBJC_IMPLEMENTATIONS = YES;
				CLANG_WARN_DIRECT_OBJC_ISA_USAGE = YES_ERROR;
				CLANG_WARN_DOCUMENTATION_COMMENTS = YES;
				CLANG_WARN_EMPTY_BODY = YES;
				CLANG_WARN_ENUM_CONVERSION = YES;
				CLANG_WARN_INFINITE_RECURSION = YES;
				CLANG_WARN_INT_CONVERSION = YES;
				CLANG_WARN_NON_LITERAL_NULL_CONVERSION = YES;
				CLANG_WARN_OBJC_IMPLICIT_RETAIN_SELF = YES;
				CLANG_WARN_OBJC_LITERAL_CONVERSION = YES;
				CLANG_WARN_OBJC_ROOT_CLASS = YES_ERROR;
				CLANG_WARN_RANGE_LOOP_ANALYSIS = YES;
				CLANG_WARN_STRICT_PROTOTYPES = YES;
				CLANG_WARN_SUSPICIOUS_MOVE = YES;
				CLANG_WARN_UNGUARDED_AVAILABILITY = YES_AGGRESSIVE;
				CLANG_WARN_UNREACHABLE_CODE = YES;
				CLANG_WARN__DUPLICATE_METHOD_MATCH = YES;
				COPY_PHASE_STRIP = NO;
				DEBUG_INFORMATION_FORMAT = "dwarf-with-dsym";
				ENABLE_NS_ASSERTIONS = NO;
				ENABLE_STRICT_OBJC_MSGSEND = YES;
				GCC_C_LANGUAGE_STANDARD = gnu11;
				GCC_NO_COMMON_BLOCKS = YES;
				GCC_WARN_64_TO_32_BIT_CONVERSION = YES;
				GCC_WARN_ABOUT_RETURN_TYPE = YES_ERROR;
				GCC_WARN_UNDECLARED_SELECTOR = YES;
				GCC_WARN_UNINITIALIZED_AUTOS = YES_AGGRESSIVE;
				GCC_WARN_UNUSED_FUNCTION = YES;
				GCC_WARN_UNUSED_VARIABLE = YES;
				IPHONEOS_DEPLOYMENT_TARGET = 13.5;
				MTL_ENABLE_DEBUG_INFO = NO;
				MTL_FAST_MATH = YES;
				SDKROOT = iphoneos;
				SWIFT_COMPILATION_MODE = wholemodule;
				SWIFT_OPTIMIZATION_LEVEL = "-O";
				VALIDATE_PRODUCT = YES;
			};
			name = Release;
		};
		044141C524885AFC005C44C6 /* Debug */ = {
			isa = XCBuildConfiguration;
			buildSettings = {
				ASSETCATALOG_COMPILER_APPICON_NAME = "iMessage App Icon";
				CODE_SIGN_STYLE = Automatic;
				DEVELOPMENT_TEAM = 3DQ2K2WN89;
				INFOPLIST_FILE = "Boardwalk! Games MessagesExtension/Info.plist";
				LD_RUNPATH_SEARCH_PATHS = (
					"$(inherited)",
					"@executable_path/Frameworks",
					"@executable_path/../../Frameworks",
				);
				PRODUCT_BUNDLE_IDENTIFIER = "com.aktgames.Boardwalk--Games.MessagesExtension";
				PRODUCT_NAME = "$(TARGET_NAME)";
				SKIP_INSTALL = YES;
				SWIFT_VERSION = 5.0;
				TARGETED_DEVICE_FAMILY = "1,2";
			};
			name = Debug;
		};
		044141C624885AFC005C44C6 /* Release */ = {
			isa = XCBuildConfiguration;
			buildSettings = {
				ASSETCATALOG_COMPILER_APPICON_NAME = "iMessage App Icon";
				CODE_SIGN_STYLE = Automatic;
				DEVELOPMENT_TEAM = 3DQ2K2WN89;
				INFOPLIST_FILE = "Boardwalk! Games MessagesExtension/Info.plist";
				LD_RUNPATH_SEARCH_PATHS = (
					"$(inherited)",
					"@executable_path/Frameworks",
					"@executable_path/../../Frameworks",
				);
				PRODUCT_BUNDLE_IDENTIFIER = "com.aktgames.Boardwalk--Games.MessagesExtension";
				PRODUCT_NAME = "$(TARGET_NAME)";
				SKIP_INSTALL = YES;
				SWIFT_VERSION = 5.0;
				TARGETED_DEVICE_FAMILY = "1,2";
			};
			name = Release;
		};
		044141C924885AFC005C44C6 /* Debug */ = {
			isa = XCBuildConfiguration;
			buildSettings = {
				ALWAYS_EMBED_SWIFT_STANDARD_LIBRARIES = YES;
				ASSETCATALOG_COMPILER_APPICON_NAME = AppIcon;
				CODE_SIGN_STYLE = Automatic;
				DEVELOPMENT_TEAM = 3DQ2K2WN89;
				INFOPLIST_FILE = "Boardwalk! Games/Info.plist";
				IPHONEOS_DEPLOYMENT_TARGET = 13.5;
				PRODUCT_BUNDLE_IDENTIFIER = "com.aktgames.Boardwalk--Games";
				PRODUCT_NAME = "$(TARGET_NAME)";
				SWIFT_VERSION = 5.0;
				TARGETED_DEVICE_FAMILY = "1,2";
			};
			name = Debug;
		};
		044141CA24885AFC005C44C6 /* Release */ = {
			isa = XCBuildConfiguration;
			buildSettings = {
				ALWAYS_EMBED_SWIFT_STANDARD_LIBRARIES = YES;
				ASSETCATALOG_COMPILER_APPICON_NAME = AppIcon;
				CODE_SIGN_STYLE = Automatic;
				DEVELOPMENT_TEAM = 3DQ2K2WN89;
				INFOPLIST_FILE = "Boardwalk! Games/Info.plist";
				IPHONEOS_DEPLOYMENT_TARGET = 13.5;
				PRODUCT_BUNDLE_IDENTIFIER = "com.aktgames.Boardwalk--Games";
				PRODUCT_NAME = "$(TARGET_NAME)";
				SWIFT_VERSION = 5.0;
				TARGETED_DEVICE_FAMILY = "1,2";
			};
			name = Release;
		};
/* End XCBuildConfiguration section */

/* Begin XCConfigurationList section */
		044141A524885AFA005C44C6 /* Build configuration list for PBXProject "Boardwalk! Games" */ = {
			isa = XCConfigurationList;
			buildConfigurations = (
				044141C224885AFC005C44C6 /* Debug */,
				044141C324885AFC005C44C6 /* Release */,
			);
			defaultConfigurationIsVisible = 0;
			defaultConfigurationName = Release;
		};
		044141C424885AFC005C44C6 /* Build configuration list for PBXNativeTarget "Boardwalk! Games MessagesExtension" */ = {
			isa = XCConfigurationList;
			buildConfigurations = (
				044141C524885AFC005C44C6 /* Debug */,
				044141C624885AFC005C44C6 /* Release */,
			);
			defaultConfigurationIsVisible = 0;
			defaultConfigurationName = Release;
		};
		044141C824885AFC005C44C6 /* Build configuration list for PBXNativeTarget "Boardwalk! Games" */ = {
			isa = XCConfigurationList;
			buildConfigurations = (
				044141C924885AFC005C44C6 /* Debug */,
				044141CA24885AFC005C44C6 /* Release */,
			);
			defaultConfigurationIsVisible = 0;
			defaultConfigurationName = Release;
		};
/* End XCConfigurationList section */
	};
	rootObject = 044141A224885AFA005C44C6 /* Project object */;
}
